
Microsoft Visual Studio Solution File, Format Version 12.00
Project("{2150E333-8FDC-42A3-9474-1A3956D46DE8}") = "Test", "Test", "{2A5867CE-E9EA-4214-8494-73EC31AFEE0D}"
EndProject
Project("{2150E333-8FDC-42A3-9474-1A3956D46DE8}") = "Src", "Src", "{5234BCA9-77BD-4D08-8F98-8C3B8D17F1E8}"
EndProject
Project("{FAE04EC0-301F-11D3-BF4B-00C04F79EFBC}") = "TradeHero.UnitTest.Client", "Test\TradeHero.UnitTest.Client\TradeHero.UnitTest.Client.csproj", "{978C9C99-61B9-47A9-854C-C805D6A70A30}"
EndProject
Project("{2150E333-8FDC-42A3-9474-1A3956D46DE8}") = "Project", "Project", "{D2174719-B255-4371-BA19-BF2B70106CBA}"
EndProject
Project("{FAE04EC0-301F-11D3-BF4B-00C04F79EFBC}") = "TradeHero.UnitTest.Core", "Test\TradeHero.UnitTest.Core\TradeHero.UnitTest.Core.csproj", "{1E0363ED-69BE-47DB-B1AD-7247FE41FBA1}"
EndProject
Project("{FAE04EC0-301F-11D3-BF4B-00C04F79EFBC}") = "TradeHero.Client", "Src\Project\TradeHero.Client\TradeHero.Client.csproj", "{E2493DC3-40D2-4436-A8CB-54AAE7118D07}"
EndProject
Project("{FAE04EC0-301F-11D3-BF4B-00C04F79EFBC}") = "TradeHero.Database", "Src\Project\TradeHero.Database\TradeHero.Database.csproj", "{B6C2388C-349C-4A74-B110-7A92909D1505}"
EndProject
Project("{FAE04EC0-301F-11D3-BF4B-00C04F79EFBC}") = "TradeHero.Services", "Src\Project\TradeHero.Services\TradeHero.Services.csproj", "{9DBCCD6F-4BFE-44B3-BBEE-777524438989}"
EndProject
Project("{FAE04EC0-301F-11D3-BF4B-00C04F79EFBC}") = "TradeHero.Trading", "Src\Project\TradeHero.Trading\TradeHero.Trading.csproj", "{5A2F5ED8-3A62-4500-9D03-EA533A2AB981}"
EndProject
Project("{2150E333-8FDC-42A3-9474-1A3956D46DE8}") = "Items", "Items", "{2ABFCDC7-E399-4BB3-A09D-5278DC05AFAF}"
	ProjectSection(SolutionItems) = preProject
		SharedAssemblyInfo.cs = SharedAssemblyInfo.cs
	EndProjectSection
EndProject
Project("{FAE04EC0-301F-11D3-BF4B-00C04F79EFBC}") = "TradeHero.Application", "Src\TradeHero.Application\TradeHero.Application.csproj", "{05CF1FDE-3609-4D3D-85FF-99C9676067F3}"
EndProject
Project("{FAE04EC0-301F-11D3-BF4B-00C04F79EFBC}") = "TradeHero.Launcher", "Src\TradeHero.Launcher\TradeHero.Launcher.csproj", "{0549C3F1-2045-467F-9337-0C6B90C09575}"
EndProject
Project("{FAE04EC0-301F-11D3-BF4B-00C04F79EFBC}") = "TradeHero.Core", "Src\Project\TradeHero.Core\TradeHero.Core.csproj", "{96755F25-CD53-42C6-A278-6C99922D02F3}"
EndProject
Global
	GlobalSection(SolutionConfigurationPlatforms) = preSolution
		Debug|Any CPU = Debug|Any CPU
		Release|Any CPU = Release|Any CPU
	EndGlobalSection
	GlobalSection(ProjectConfigurationPlatforms) = postSolution
		{978C9C99-61B9-47A9-854C-C805D6A70A30}.Debug|Any CPU.ActiveCfg = Debug|Any CPU
		{978C9C99-61B9-47A9-854C-C805D6A70A30}.Debug|Any CPU.Build.0 = Debug|Any CPU
		{978C9C99-61B9-47A9-854C-C805D6A70A30}.Release|Any CPU.ActiveCfg = Release|Any CPU
		{978C9C99-61B9-47A9-854C-C805D6A70A30}.Release|Any CPU.Build.0 = Release|Any CPU
		{1E0363ED-69BE-47DB-B1AD-7247FE41FBA1}.Debug|Any CPU.ActiveCfg = Debug|Any CPU
		{1E0363ED-69BE-47DB-B1AD-7247FE41FBA1}.Debug|Any CPU.Build.0 = Debug|Any CPU
		{1E0363ED-69BE-47DB-B1AD-7247FE41FBA1}.Release|Any CPU.ActiveCfg = Release|Any CPU
		{1E0363ED-69BE-47DB-B1AD-7247FE41FBA1}.Release|Any CPU.Build.0 = Release|Any CPU
		{E2493DC3-40D2-4436-A8CB-54AAE7118D07}.Debug|Any CPU.ActiveCfg = Debug|Any CPU
		{E2493DC3-40D2-4436-A8CB-54AAE7118D07}.Debug|Any CPU.Build.0 = Debug|Any CPU
		{E2493DC3-40D2-4436-A8CB-54AAE7118D07}.Release|Any CPU.ActiveCfg = Release|Any CPU
		{E2493DC3-40D2-4436-A8CB-54AAE7118D07}.Release|Any CPU.Build.0 = Release|Any CPU
		{B6C2388C-349C-4A74-B110-7A92909D1505}.Debug|Any CPU.ActiveCfg = Debug|Any CPU
		{B6C2388C-349C-4A74-B110-7A92909D1505}.Debug|Any CPU.Build.0 = Debug|Any CPU
		{B6C2388C-349C-4A74-B110-7A92909D1505}.Release|Any CPU.ActiveCfg = Release|Any CPU
		{B6C2388C-349C-4A74-B110-7A92909D1505}.Release|Any CPU.Build.0 = Release|Any CPU
		{9DBCCD6F-4BFE-44B3-BBEE-777524438989}.Debug|Any CPU.ActiveCfg = Debug|Any CPU
		{9DBCCD6F-4BFE-44B3-BBEE-777524438989}.Debug|Any CPU.Build.0 = Debug|Any CPU
		{9DBCCD6F-4BFE-44B3-BBEE-777524438989}.Release|Any CPU.ActiveCfg = Release|Any CPU
		{9DBCCD6F-4BFE-44B3-BBEE-777524438989}.Release|Any CPU.Build.0 = Release|Any CPU
		{5A2F5ED8-3A62-4500-9D03-EA533A2AB981}.Debug|Any CPU.ActiveCfg = Debug|Any CPU
		{5A2F5ED8-3A62-4500-9D03-EA533A2AB981}.Debug|Any CPU.Build.0 = Debug|Any CPU
		{5A2F5ED8-3A62-4500-9D03-EA533A2AB981}.Release|Any CPU.ActiveCfg = Release|Any CPU
		{5A2F5ED8-3A62-4500-9D03-EA533A2AB981}.Release|Any CPU.Build.0 = Release|Any CPU
		{05CF1FDE-3609-4D3D-85FF-99C9676067F3}.Debug|Any CPU.ActiveCfg = Debug|Any CPU
		{05CF1FDE-3609-4D3D-85FF-99C9676067F3}.Debug|Any CPU.Build.0 = Debug|Any CPU
		{05CF1FDE-3609-4D3D-85FF-99C9676067F3}.Release|Any CPU.ActiveCfg = Release|Any CPU
		{05CF1FDE-3609-4D3D-85FF-99C9676067F3}.Release|Any CPU.Build.0 = Release|Any CPU
		{0549C3F1-2045-467F-9337-0C6B90C09575}.Debug|Any CPU.ActiveCfg = Debug|Any CPU
		{0549C3F1-2045-467F-9337-0C6B90C09575}.Debug|Any CPU.Build.0 = Debug|Any CPU
		{0549C3F1-2045-467F-9337-0C6B90C09575}.Release|Any CPU.ActiveCfg = Release|Any CPU
		{0549C3F1-2045-467F-9337-0C6B90C09575}.Release|Any CPU.Build.0 = Release|Any CPU
		{96755F25-CD53-42C6-A278-6C99922D02F3}.Debug|Any CPU.ActiveCfg = Debug|Any CPU
		{96755F25-CD53-42C6-A278-6C99922D02F3}.Debug|Any CPU.Build.0 = Debug|Any CPU
		{96755F25-CD53-42C6-A278-6C99922D02F3}.Release|Any CPU.ActiveCfg = Release|Any CPU
		{96755F25-CD53-42C6-A278-6C99922D02F3}.Release|Any CPU.Build.0 = Release|Any CPU
	EndGlobalSection
	GlobalSection(NestedProjects) = preSolution
		{978C9C99-61B9-47A9-854C-C805D6A70A30} = {2A5867CE-E9EA-4214-8494-73EC31AFEE0D}
		{D2174719-B255-4371-BA19-BF2B70106CBA} = {5234BCA9-77BD-4D08-8F98-8C3B8D17F1E8}
		{1E0363ED-69BE-47DB-B1AD-7247FE41FBA1} = {2A5867CE-E9EA-4214-8494-73EC31AFEE0D}
		{E2493DC3-40D2-4436-A8CB-54AAE7118D07} = {D2174719-B255-4371-BA19-BF2B70106CBA}
		{B6C2388C-349C-4A74-B110-7A92909D1505} = {D2174719-B255-4371-BA19-BF2B70106CBA}
		{9DBCCD6F-4BFE-44B3-BBEE-777524438989} = {D2174719-B255-4371-BA19-BF2B70106CBA}
		{5A2F5ED8-3A62-4500-9D03-EA533A2AB981} = {D2174719-B255-4371-BA19-BF2B70106CBA}
		{05CF1FDE-3609-4D3D-85FF-99C9676067F3} = {5234BCA9-77BD-4D08-8F98-8C3B8D17F1E8}
		{0549C3F1-2045-467F-9337-0C6B90C09575} = {5234BCA9-77BD-4D08-8F98-8C3B8D17F1E8}
		{96755F25-CD53-42C6-A278-6C99922D02F3} = {D2174719-B255-4371-BA19-BF2B70106CBA}
	EndGlobalSection
EndGlobal
