
Microsoft Visual Studio Solution File, Format Version 12.00
Project("{2150E333-8FDC-42A3-9474-1A3956D46DE8}") = "Test", "Test", "{2A5867CE-E9EA-4214-8494-73EC31AFEE0D}"
EndProject
Project("{2150E333-8FDC-42A3-9474-1A3956D46DE8}") = "Src", "Src", "{5234BCA9-77BD-4D08-8F98-8C3B8D17F1E8}"
EndProject
Project("{FAE04EC0-301F-11D3-BF4B-00C04F79EFBC}") = "TradeHero.Runner", "Src\TradeHero.Runner\TradeHero.Runner.csproj", "{ECDC4E16-7FFD-4658-B106-A535BC656BF7}"
EndProject
Project("{FAE04EC0-301F-11D3-BF4B-00C04F79EFBC}") = "TradeHero.UnitTest.Client", "Test\TradeHero.UnitTest.Client\TradeHero.UnitTest.Client.csproj", "{978C9C99-61B9-47A9-854C-C805D6A70A30}"
EndProject
Project("{2150E333-8FDC-42A3-9474-1A3956D46DE8}") = "Core", "Core", "{D2174719-B255-4371-BA19-BF2B70106CBA}"
EndProject
Project("{FAE04EC0-301F-11D3-BF4B-00C04F79EFBC}") = "TradeHero.Client", "Src\Core\TradeHero.Client\TradeHero.Client.csproj", "{D3361E85-486D-4991-8174-DADBF0A2930F}"
EndProject
Project("{FAE04EC0-301F-11D3-BF4B-00C04F79EFBC}") = "TradeHero.Core", "Src\Core\TradeHero.Core\TradeHero.Core.csproj", "{1E1EFC97-0266-49B3-B11B-FDE2CCE36777}"
EndProject
Project("{FAE04EC0-301F-11D3-BF4B-00C04F79EFBC}") = "TradeHero.Database", "Src\Core\TradeHero.Database\TradeHero.Database.csproj", "{BE97871C-9E72-42B3-ABA3-DF8DC3634BC5}"
EndProject
Project("{FAE04EC0-301F-11D3-BF4B-00C04F79EFBC}") = "TradeHero.StrategyRunner", "Src\Core\TradeHero.StrategyRunner\TradeHero.StrategyRunner.csproj", "{E36CA1BE-F668-4616-94C1-688A2A1287C2}"
EndProject
Project("{2150E333-8FDC-42A3-9474-1A3956D46DE8}") = "Abstractions", "Abstractions", "{8D1011DF-D680-4EF3-AF69-F15DEAFFF4AA}"
EndProject
Project("{FAE04EC0-301F-11D3-BF4B-00C04F79EFBC}") = "TradeHero.Contracts", "Src\Abstractions\TradeHero.Contracts\TradeHero.Contracts.csproj", "{506AB818-B976-4308-BC65-9EB0E992DCB5}"
EndProject
Project("{FAE04EC0-301F-11D3-BF4B-00C04F79EFBC}") = "TradeHero.DependencyResolver", "Src\Abstractions\TradeHero.DependencyResolver\TradeHero.DependencyResolver.csproj", "{CE9B2CD5-118B-427C-BA77-581E8D0388EA}"
EndProject
Project("{FAE04EC0-301F-11D3-BF4B-00C04F79EFBC}") = "TradeHero.Host", "Src\Core\TradeHero.Host\TradeHero.Host.csproj", "{598CAADF-2BF9-455F-8471-74440F0F4C5B}"
EndProject
Project("{FAE04EC0-301F-11D3-BF4B-00C04F79EFBC}") = "TradeHero.UnitTest.Core", "Test\TradeHero.UnitTest.Core\TradeHero.UnitTest.Core.csproj", "{1E0363ED-69BE-47DB-B1AD-7247FE41FBA1}"
EndProject
Project("{2150E333-8FDC-42A3-9474-1A3956D46DE8}") = "Items", "Items", "{F12CCC6D-8DD6-4898-8AD3-E953460BBA6D}"
EndProject
Global
	GlobalSection(SolutionConfigurationPlatforms) = preSolution
		Debug|Any CPU = Debug|Any CPU
		Release|Any CPU = Release|Any CPU
	EndGlobalSection
	GlobalSection(ProjectConfigurationPlatforms) = postSolution
		{ECDC4E16-7FFD-4658-B106-A535BC656BF7}.Debug|Any CPU.ActiveCfg = Debug|Any CPU
		{ECDC4E16-7FFD-4658-B106-A535BC656BF7}.Debug|Any CPU.Build.0 = Debug|Any CPU
		{ECDC4E16-7FFD-4658-B106-A535BC656BF7}.Release|Any CPU.ActiveCfg = Release|Any CPU
		{ECDC4E16-7FFD-4658-B106-A535BC656BF7}.Release|Any CPU.Build.0 = Release|Any CPU
		{978C9C99-61B9-47A9-854C-C805D6A70A30}.Debug|Any CPU.ActiveCfg = Debug|Any CPU
		{978C9C99-61B9-47A9-854C-C805D6A70A30}.Debug|Any CPU.Build.0 = Debug|Any CPU
		{978C9C99-61B9-47A9-854C-C805D6A70A30}.Release|Any CPU.ActiveCfg = Release|Any CPU
		{978C9C99-61B9-47A9-854C-C805D6A70A30}.Release|Any CPU.Build.0 = Release|Any CPU
		{D3361E85-486D-4991-8174-DADBF0A2930F}.Debug|Any CPU.ActiveCfg = Debug|Any CPU
		{D3361E85-486D-4991-8174-DADBF0A2930F}.Debug|Any CPU.Build.0 = Debug|Any CPU
		{D3361E85-486D-4991-8174-DADBF0A2930F}.Release|Any CPU.ActiveCfg = Release|Any CPU
		{D3361E85-486D-4991-8174-DADBF0A2930F}.Release|Any CPU.Build.0 = Release|Any CPU
		{1E1EFC97-0266-49B3-B11B-FDE2CCE36777}.Debug|Any CPU.ActiveCfg = Debug|Any CPU
		{1E1EFC97-0266-49B3-B11B-FDE2CCE36777}.Debug|Any CPU.Build.0 = Debug|Any CPU
		{1E1EFC97-0266-49B3-B11B-FDE2CCE36777}.Release|Any CPU.ActiveCfg = Release|Any CPU
		{1E1EFC97-0266-49B3-B11B-FDE2CCE36777}.Release|Any CPU.Build.0 = Release|Any CPU
		{BE97871C-9E72-42B3-ABA3-DF8DC3634BC5}.Debug|Any CPU.ActiveCfg = Debug|Any CPU
		{BE97871C-9E72-42B3-ABA3-DF8DC3634BC5}.Debug|Any CPU.Build.0 = Debug|Any CPU
		{BE97871C-9E72-42B3-ABA3-DF8DC3634BC5}.Release|Any CPU.ActiveCfg = Release|Any CPU
		{BE97871C-9E72-42B3-ABA3-DF8DC3634BC5}.Release|Any CPU.Build.0 = Release|Any CPU
		{E36CA1BE-F668-4616-94C1-688A2A1287C2}.Debug|Any CPU.ActiveCfg = Debug|Any CPU
		{E36CA1BE-F668-4616-94C1-688A2A1287C2}.Debug|Any CPU.Build.0 = Debug|Any CPU
		{E36CA1BE-F668-4616-94C1-688A2A1287C2}.Release|Any CPU.ActiveCfg = Release|Any CPU
		{E36CA1BE-F668-4616-94C1-688A2A1287C2}.Release|Any CPU.Build.0 = Release|Any CPU
		{506AB818-B976-4308-BC65-9EB0E992DCB5}.Debug|Any CPU.ActiveCfg = Debug|Any CPU
		{506AB818-B976-4308-BC65-9EB0E992DCB5}.Debug|Any CPU.Build.0 = Debug|Any CPU
		{506AB818-B976-4308-BC65-9EB0E992DCB5}.Release|Any CPU.ActiveCfg = Release|Any CPU
		{506AB818-B976-4308-BC65-9EB0E992DCB5}.Release|Any CPU.Build.0 = Release|Any CPU
		{CE9B2CD5-118B-427C-BA77-581E8D0388EA}.Debug|Any CPU.ActiveCfg = Debug|Any CPU
		{CE9B2CD5-118B-427C-BA77-581E8D0388EA}.Debug|Any CPU.Build.0 = Debug|Any CPU
		{CE9B2CD5-118B-427C-BA77-581E8D0388EA}.Release|Any CPU.ActiveCfg = Release|Any CPU
		{CE9B2CD5-118B-427C-BA77-581E8D0388EA}.Release|Any CPU.Build.0 = Release|Any CPU
		{598CAADF-2BF9-455F-8471-74440F0F4C5B}.Debug|Any CPU.ActiveCfg = Debug|Any CPU
		{598CAADF-2BF9-455F-8471-74440F0F4C5B}.Debug|Any CPU.Build.0 = Debug|Any CPU
		{598CAADF-2BF9-455F-8471-74440F0F4C5B}.Release|Any CPU.ActiveCfg = Release|Any CPU
		{598CAADF-2BF9-455F-8471-74440F0F4C5B}.Release|Any CPU.Build.0 = Release|Any CPU
		{1E0363ED-69BE-47DB-B1AD-7247FE41FBA1}.Debug|Any CPU.ActiveCfg = Debug|Any CPU
		{1E0363ED-69BE-47DB-B1AD-7247FE41FBA1}.Debug|Any CPU.Build.0 = Debug|Any CPU
		{1E0363ED-69BE-47DB-B1AD-7247FE41FBA1}.Release|Any CPU.ActiveCfg = Release|Any CPU
		{1E0363ED-69BE-47DB-B1AD-7247FE41FBA1}.Release|Any CPU.Build.0 = Release|Any CPU
	EndGlobalSection
	GlobalSection(NestedProjects) = preSolution
		{ECDC4E16-7FFD-4658-B106-A535BC656BF7} = {5234BCA9-77BD-4D08-8F98-8C3B8D17F1E8}
		{978C9C99-61B9-47A9-854C-C805D6A70A30} = {2A5867CE-E9EA-4214-8494-73EC31AFEE0D}
		{D2174719-B255-4371-BA19-BF2B70106CBA} = {5234BCA9-77BD-4D08-8F98-8C3B8D17F1E8}
		{D3361E85-486D-4991-8174-DADBF0A2930F} = {D2174719-B255-4371-BA19-BF2B70106CBA}
		{1E1EFC97-0266-49B3-B11B-FDE2CCE36777} = {D2174719-B255-4371-BA19-BF2B70106CBA}
		{BE97871C-9E72-42B3-ABA3-DF8DC3634BC5} = {D2174719-B255-4371-BA19-BF2B70106CBA}
		{E36CA1BE-F668-4616-94C1-688A2A1287C2} = {D2174719-B255-4371-BA19-BF2B70106CBA}
		{8D1011DF-D680-4EF3-AF69-F15DEAFFF4AA} = {5234BCA9-77BD-4D08-8F98-8C3B8D17F1E8}
		{506AB818-B976-4308-BC65-9EB0E992DCB5} = {8D1011DF-D680-4EF3-AF69-F15DEAFFF4AA}
		{CE9B2CD5-118B-427C-BA77-581E8D0388EA} = {8D1011DF-D680-4EF3-AF69-F15DEAFFF4AA}
		{598CAADF-2BF9-455F-8471-74440F0F4C5B} = {D2174719-B255-4371-BA19-BF2B70106CBA}
		{1E0363ED-69BE-47DB-B1AD-7247FE41FBA1} = {2A5867CE-E9EA-4214-8494-73EC31AFEE0D}
	EndGlobalSection
EndGlobal
